{
  "pins" : [
    {
      "identity" : "networkingpackage",
      "kind" : "remoteSourceControl",
      "location" : "https://github.com/Grafonsky/NetworkingPackage",
      "state" : {
        "branch" : "main",
        "revision" : "66b70cf8ea09eef5121340166b73b622b288984e"
      }
    }
  ],
  "version" : 2
}
